
Microsoft Visual Studio Solution File, Format Version 12.00
# Visual Studio 14
VisualStudioVersion = 14.0.24720.0
MinimumVisualStudioVersion = 10.0.40219.1
Project("{FAE04EC0-301F-11D3-BF4B-00C04F79EFBC}") = "WaitStaffApplicataion", "WaitStaffApplicataion\WaitStaffApplicataion.csproj", "{D662B30B-0B2C-4203-8821-2FB751873A69}"
EndProject
Global
	GlobalSection(SolutionConfigurationPlatforms) = preSolution
		Debug|Any CPU = Debug|Any CPU
		Release|Any CPU = Release|Any CPU
	EndGlobalSection
	GlobalSection(ProjectConfigurationPlatforms) = postSolution
		{D662B30B-0B2C-4203-8821-2FB751873A69}.Debug|Any CPU.ActiveCfg = Debug|Any CPU
		{D662B30B-0B2C-4203-8821-2FB751873A69}.Debug|Any CPU.Build.0 = Debug|Any CPU
		{D662B30B-0B2C-4203-8821-2FB751873A69}.Release|Any CPU.ActiveCfg = Release|Any CPU
		{D662B30B-0B2C-4203-8821-2FB751873A69}.Release|Any CPU.Build.0 = Release|Any CPU
	EndGlobalSection
	GlobalSection(SolutionProperties) = preSolution
		HideSolutionNode = FALSE
	EndGlobalSection
EndGlobal
